# THIS IS AN AUTOGENERATED FILE. DO NOT EDIT THIS FILE DIRECTLY.
# yarn lockfile v1


bootstrap@^4.1:
  version "4.2.1"
  resolved "http://proget.scalesoft.cz/npm/Default-NPM/bootstrap/-/bootstrap-4.2.1.tgz#8f8bdca024dbf0e8644da32e918c8a03a90a5757"
  integrity sha1-j4vcoCTb8OhkTaMukYyKA6kKV1c=

jquery-validation-unobtrusive@^3.2:
  version "3.2.11"
  resolved "http://proget.scalesoft.cz/npm/Default-NPM/jquery-validation-unobtrusive/-/jquery-validation-unobtrusive-3.2.11.tgz#175ee46380385a0e33ed320f255fad321f68f9f5"
  integrity sha1-F17kY4A4Wg4z7TIPJV+tMh9o+fU=
  dependencies:
    jquery ">=1.8"
    jquery-validation ">=1.16"

jquery-validation@>=1.16, jquery-validation@^1.17:
  version "1.19.0"
  resolved "http://proget.scalesoft.cz/npm/Default-NPM/jquery-validation/-/jquery-validation-1.19.0.tgz#0fedf0c0483a030c4fff072398898ac18cfd6e40"
  integrity sha1-D+3wwEg6AwxP/wcjmImKwYz9bkA=
  dependencies:
    jquery "^1.7 || ^2.0 || ^3.1"

jquery@>=1.8, "jquery@^1.7 || ^2.0 || ^3.1", jquery@^3.3:
  version "3.3.1"
  resolved "http://proget.scalesoft.cz/npm/Default-NPM/jquery/-/jquery-3.3.1.tgz#958ce29e81c9790f31be7792df5d4d95fc57fbca"
  integrity sha1-lYzinoHJeQ8xvneS311NlfxX+8o=
