
Microsoft Visual Studio Solution File, Format Version 12.00
# Visual Studio 15
VisualStudioVersion = 15.0.27004.2005
MinimumVisualStudioVersion = 10.0.40219.1
Project("{9A19103F-16F7-4668-BE54-9A1E7A4F7556}") = "Localization.Web.AspNetCore.Sample", "Localization.Web.AspNetCore.Sample\Localization.Web.AspNetCore.Sample.csproj", "{5F0206F6-1493-4791-B325-49C3735D2BAF}"
EndProject
Project("{9A19103F-16F7-4668-BE54-9A1E7A4F7556}") = "Localization.CoreLibrary", "Localization.CoreLibrary\Localization.CoreLibrary.csproj", "{B25ED303-630A-4394-8A07-07DFBF797D66}"
EndProject
Project("{9A19103F-16F7-4668-BE54-9A1E7A4F7556}") = "Localization.CoreLibrary.Tests", "Localization.CoreLibrary.Tests\Localization.CoreLibrary.Tests.csproj", "{22AB5346-1DB6-4A75-A6CC-A19C8AEAC74A}"
EndProject
Project("{9A19103F-16F7-4668-BE54-9A1E7A4F7556}") = "Localization.Database.Abstractions", "Localization.Database\Localization.Database.Abstractions.csproj", "{55C83677-17FD-4795-AB41-0B646D3150BC}"
EndProject
Project("{9A19103F-16F7-4668-BE54-9A1E7A4F7556}") = "Localization.AspNetCore.Service", "Localization.AspNetCore.Service\Localization.AspNetCore.Service.csproj", "{14772079-FF6C-49D3-8547-701FEA0C2935}"
EndProject
Project("{9A19103F-16F7-4668-BE54-9A1E7A4F7556}") = "Localization.Database.EFCore", "Localization.Database.EFCore\Localization.Database.EFCore.csproj", "{3EAABF19-20BA-420B-B271-BA5E4ED5DE43}"
EndProject
Project("{9A19103F-16F7-4668-BE54-9A1E7A4F7556}") = "Localization.Database.EFCore.Tests", "Localization.Database.EFCore.Tests\Localization.Database.EFCore.Tests.csproj", "{2ED9E0F6-3FE7-4E9E-B97D-0A02B28235E7}"
EndProject
Project("{9A19103F-16F7-4668-BE54-9A1E7A4F7556}") = "Localization.Web.Script", "Localization.Web.Script\Localization.Web.Script.csproj", "{95D34F8D-3B71-4380-8885-A8857CC225C9}"
EndProject
Global
	GlobalSection(SolutionConfigurationPlatforms) = preSolution
		Debug|Any CPU = Debug|Any CPU
		Release|Any CPU = Release|Any CPU
	EndGlobalSection
	GlobalSection(ProjectConfigurationPlatforms) = postSolution
		{5F0206F6-1493-4791-B325-49C3735D2BAF}.Debug|Any CPU.ActiveCfg = Debug|Any CPU
		{5F0206F6-1493-4791-B325-49C3735D2BAF}.Debug|Any CPU.Build.0 = Debug|Any CPU
		{5F0206F6-1493-4791-B325-49C3735D2BAF}.Release|Any CPU.ActiveCfg = Release|Any CPU
		{5F0206F6-1493-4791-B325-49C3735D2BAF}.Release|Any CPU.Build.0 = Release|Any CPU
		{B25ED303-630A-4394-8A07-07DFBF797D66}.Debug|Any CPU.ActiveCfg = Debug|Any CPU
		{B25ED303-630A-4394-8A07-07DFBF797D66}.Debug|Any CPU.Build.0 = Debug|Any CPU
		{B25ED303-630A-4394-8A07-07DFBF797D66}.Release|Any CPU.ActiveCfg = Release|Any CPU
		{B25ED303-630A-4394-8A07-07DFBF797D66}.Release|Any CPU.Build.0 = Release|Any CPU
		{22AB5346-1DB6-4A75-A6CC-A19C8AEAC74A}.Debug|Any CPU.ActiveCfg = Debug|Any CPU
		{22AB5346-1DB6-4A75-A6CC-A19C8AEAC74A}.Debug|Any CPU.Build.0 = Debug|Any CPU
		{22AB5346-1DB6-4A75-A6CC-A19C8AEAC74A}.Release|Any CPU.ActiveCfg = Release|Any CPU
		{22AB5346-1DB6-4A75-A6CC-A19C8AEAC74A}.Release|Any CPU.Build.0 = Release|Any CPU
		{55C83677-17FD-4795-AB41-0B646D3150BC}.Debug|Any CPU.ActiveCfg = Debug|Any CPU
		{55C83677-17FD-4795-AB41-0B646D3150BC}.Debug|Any CPU.Build.0 = Debug|Any CPU
		{55C83677-17FD-4795-AB41-0B646D3150BC}.Release|Any CPU.ActiveCfg = Release|Any CPU
		{55C83677-17FD-4795-AB41-0B646D3150BC}.Release|Any CPU.Build.0 = Release|Any CPU
		{14772079-FF6C-49D3-8547-701FEA0C2935}.Debug|Any CPU.ActiveCfg = Debug|Any CPU
		{14772079-FF6C-49D3-8547-701FEA0C2935}.Debug|Any CPU.Build.0 = Debug|Any CPU
		{14772079-FF6C-49D3-8547-701FEA0C2935}.Release|Any CPU.ActiveCfg = Release|Any CPU
		{14772079-FF6C-49D3-8547-701FEA0C2935}.Release|Any CPU.Build.0 = Release|Any CPU
		{3EAABF19-20BA-420B-B271-BA5E4ED5DE43}.Debug|Any CPU.ActiveCfg = Debug|Any CPU
		{3EAABF19-20BA-420B-B271-BA5E4ED5DE43}.Debug|Any CPU.Build.0 = Debug|Any CPU
		{3EAABF19-20BA-420B-B271-BA5E4ED5DE43}.Release|Any CPU.ActiveCfg = Release|Any CPU
		{3EAABF19-20BA-420B-B271-BA5E4ED5DE43}.Release|Any CPU.Build.0 = Release|Any CPU
		{2ED9E0F6-3FE7-4E9E-B97D-0A02B28235E7}.Debug|Any CPU.ActiveCfg = Debug|Any CPU
		{2ED9E0F6-3FE7-4E9E-B97D-0A02B28235E7}.Debug|Any CPU.Build.0 = Debug|Any CPU
		{2ED9E0F6-3FE7-4E9E-B97D-0A02B28235E7}.Release|Any CPU.ActiveCfg = Release|Any CPU
		{2ED9E0F6-3FE7-4E9E-B97D-0A02B28235E7}.Release|Any CPU.Build.0 = Release|Any CPU
		{95D34F8D-3B71-4380-8885-A8857CC225C9}.Debug|Any CPU.ActiveCfg = Debug|Any CPU
		{95D34F8D-3B71-4380-8885-A8857CC225C9}.Debug|Any CPU.Build.0 = Debug|Any CPU
		{95D34F8D-3B71-4380-8885-A8857CC225C9}.Release|Any CPU.ActiveCfg = Release|Any CPU
		{95D34F8D-3B71-4380-8885-A8857CC225C9}.Release|Any CPU.Build.0 = Release|Any CPU
	EndGlobalSection
	GlobalSection(SolutionProperties) = preSolution
		HideSolutionNode = FALSE
	EndGlobalSection
	GlobalSection(ExtensibilityGlobals) = postSolution
		SolutionGuid = {F111A353-5117-4173-BEE0-F48AA1812112}
	EndGlobalSection
EndGlobal
